GEM
  remote: https://rubygems.org/
  specs:
    power_assert (3.0.1)
    prism (0.30.0)
    rake (13.4.2)
    serialport (1.4.0)
    test-unit (3.7.7)
      power_assert

PLATFORMS
  arm64-darwin-25
  ruby

DEPENDENCIES
  prism (~> 0.30)
  rake (~> 13.0)
  serialport (~> 1.3)
  test-unit (~> 3.6)

CHECKSUMS
  power_assert (3.0.1) sha256=8ce9876716cc74e863fcd4cdcdc52d792bd983598d1af3447083a3a9a4d34103
  prism (0.30.0) sha256=59b0ad8cf2f13f53c43b3b8fce2b4277691c246ffb8b6165b68e9bdf3a5b4916
  rake (13.4.2) sha256=cb825b2bd5f1f8e91ca37bddb4b9aaf345551b4731da62949be002fa89283701
  serialport (1.4.0) sha256=a9a790bf252449e59d9973625205af5123e9ee2e5583b77ddfcd8bd091b78c69
  test-unit (3.7.7) sha256=3c89d5ff0690a16bef9946156c4624390402b9d54dfcf4ce9cbd5b06bead1e45

BUNDLED WITH
  4.0.6
